// !$*UTF8*$!
{
	archiveVersion = 1;
	classes = {
	};
	objectVersion = 50;
	objects = {

/* Begin PBXBuildFile section */
		34630DA32642418D00EDDFC0 /* WorkoutsApp.swift in Sources */ = {isa = PBXBuildFile; fileRef = 34630DA22642418D00EDDFC0 /* WorkoutsApp.swift */; };
		34630DA52642418D00EDDFC0 /* ContentView.swift in Sources */ = {isa = PBXBuildFile; fileRef = 34630DA42642418D00EDDFC0 /* ContentView.swift */; };
		34630DA72642419000EDDFC0 /* Assets.xcassets in Resources */ = {isa = PBXBuildFile; fileRef = 34630DA62642419000EDDFC0 /* Assets.xcassets */; };
		34630DAA2642419000EDDFC0 /* Preview Assets.xcassets in Resources */ = {isa = PBXBuildFile; fileRef = 34630DA92642419000EDDFC0 /* Preview Assets.xcassets */; };
		34630DB52642419000EDDFC0 /* WorkoutsTests.swift in Sources */ = {isa = PBXBuildFile; fileRef = 34630DB42642419000EDDFC0 /* WorkoutsTests.swift */; };
		34630DC02642419000EDDFC0 /* WorkoutsUITests.swift in Sources */ = {isa = PBXBuildFile; fileRef = 34630DBF2642419000EDDFC0 /* WorkoutsUITests.swift */; };
		34630DCE264241EA00EDDFC0 /* HomeView.swift in Sources */ = {isa = PBXBuildFile; fileRef = 34630DCD264241EA00EDDFC0 /* HomeView.swift */; };
		34630DD02642585B00EDDFC0 /* Sport.swift in Sources */ = {isa = PBXBuildFile; fileRef = 34630DCF2642585B00EDDFC0 /* Sport.swift */; };
/* End PBXBuildFile section */

/* Begin PBXContainerItemProxy section */
		34630DB12642419000EDDFC0 /* PBXContainerItemProxy */ = {
			isa = PBXContainerItemProxy;
			containerPortal = 34630D972642418D00EDDFC0 /* Project object */;
			proxyType = 1;
			remoteGlobalIDString = 34630D9E2642418D00EDDFC0;
			remoteInfo = Workouts;
		};
		34630DBC2642419000EDDFC0 /* PBXContainerItemProxy */ = {
			isa = PBXContainerItemProxy;
			containerPortal = 34630D972642418D00EDDFC0 /* Project object */;
			proxyType = 1;
			remoteGlobalIDString = 34630D9E2642418D00EDDFC0;
			remoteInfo = Workouts;
		};
/* End PBXContainerItemProxy section */

/* Begin PBXFileReference section */
		34630D9F2642418D00EDDFC0 /* Workouts.app */ = {isa = PBXFileReference; explicitFileType = wrapper.application; includeInIndex = 0; path = Workouts.app; sourceTree = BUILT_PRODUCTS_DIR; };
		34630DA22642418D00EDDFC0 /* WorkoutsApp.swift */ = {isa = PBXFileReference; lastKnownFileType = sourcecode.swift; path = WorkoutsApp.swift; sourceTree = "<group>"; };
		34630DA42642418D00EDDFC0 /* ContentView.swift */ = {isa = PBXFileReference; lastKnownFileType = sourcecode.swift; path = ContentView.swift; sourceTree = "<group>"; };
		34630DA62642419000EDDFC0 /* Assets.xcassets */ = {isa = PBXFileReference; lastKnownFileType = folder.assetcatalog; path = Assets.xcassets; sourceTree = "<group>"; };
		34630DA92642419000EDDFC0 /* Preview Assets.xcassets */ = {isa = PBXFileReference; lastKnownFileType = folder.assetcatalog; path = "Preview Assets.xcassets"; sourceTree = "<group>"; };
		34630DAB2642419000EDDFC0 /* Info.plist */ = {isa = PBXFileReference; lastKnownFileType = text.plist.xml; path = Info.plist; sourceTree = "<group>"; };
		34630DB02642419000EDDFC0 /* WorkoutsTests.xctest */ = {isa = PBXFileReference; explicitFileType = wrapper.cfbundle; includeInIndex = 0; path = WorkoutsTests.xctest; sourceTree = BUILT_PRODUCTS_DIR; };
		34630DB42642419000EDDFC0 /* WorkoutsTests.swift */ = {isa = PBXFileReference; lastKnownFileType = sourcecode.swift; path = WorkoutsTests.swift; sourceTree = "<group>"; };
		34630DB62642419000EDDFC0 /* Info.plist */ = {isa = PBXFileReference; lastKnownFileType = text.plist.xml; path = Info.plist; sourceTree = "<group>"; };
		34630DBB2642419000EDDFC0 /* WorkoutsUITests.xctest */ = {isa = PBXFileReference; explicitFileType = wrapper.cfbundle; includeInIndex = 0; path = WorkoutsUITests.xctest; sourceTree = BUILT_PRODUCTS_DIR; };
		34630DBF2642419000EDDFC0 /* WorkoutsUITests.swift */ = {isa = PBXFileReference; lastKnownFileType = sourcecode.swift; path = WorkoutsUITests.swift; sourceTree = "<group>"; };
		34630DC12642419000EDDFC0 /* Info.plist */ = {isa = PBXFileReference; lastKnownFileType = text.plist.xml; path = Info.plist; sourceTree = "<group>"; };
		34630DCD264241EA00EDDFC0 /* HomeView.swift */ = {isa = PBXFileReference; lastKnownFileType = sourcecode.swift; path = HomeView.swift; sourceTree = "<group>"; };
		34630DCF2642585B00EDDFC0 /* Sport.swift */ = {isa = PBXFileReference; lastKnownFileType = sourcecode.swift; path = Sport.swift; sourceTree = "<group>"; };
/* End PBXFileReference section */

/* Begin PBXFrameworksBuildPhase section */
		34630D9C2642418D00EDDFC0 /* Frameworks */ = {
			isa = PBXFrameworksBuildPhase;
			buildActionMask = 2147483647;
			files = (
			);
			runOnlyForDeploymentPostprocessing = 0;
		};
		34630DAD2642419000EDDFC0 /* Frameworks */ = {
			isa = PBXFrameworksBuildPhase;
			buildActionMask = 2147483647;
			files = (
			);
			runOnlyForDeploymentPostprocessing = 0;
		};
		34630DB82642419000EDDFC0 /* Frameworks */ = {
			isa = PBXFrameworksBuildPhase;
			buildActionMask = 2147483647;
			files = (
			);
			runOnlyForDeploymentPostprocessing = 0;
		};
/* End PBXFrameworksBuildPhase section */

/* Begin PBXGroup section */
		34630D962642418D00EDDFC0 = {
			isa = PBXGroup;
			children = (
				34630DA12642418D00EDDFC0 /* Workouts */,
				34630DB32642419000EDDFC0 /* WorkoutsTests */,
				34630DBE2642419000EDDFC0 /* WorkoutsUITests */,
				34630DA02642418D00EDDFC0 /* Products */,
			);
			sourceTree = "<group>";
		};
		34630DA02642418D00EDDFC0 /* Products */ = {
			isa = PBXGroup;
			children = (
				34630D9F2642418D00EDDFC0 /* Workouts.app */,
				34630DB02642419000EDDFC0 /* WorkoutsTests.xctest */,
				34630DBB2642419000EDDFC0 /* WorkoutsUITests.xctest */,
			);
			name = Products;
			sourceTree = "<group>";
		};
		34630DA12642418D00EDDFC0 /* Workouts */ = {
			isa = PBXGroup;
			children = (
				34630DA22642418D00EDDFC0 /* WorkoutsApp.swift */,
				34630DA42642418D00EDDFC0 /* ContentView.swift */,
				34630DA62642419000EDDFC0 /* Assets.xcassets */,
				34630DAB2642419000EDDFC0 /* Info.plist */,
				34630DA82642419000EDDFC0 /* Preview Content */,
				34630DCD264241EA00EDDFC0 /* HomeView.swift */,
				34630DCF2642585B00EDDFC0 /* Sport.swift */,
			);
			path = Workouts;
			sourceTree = "<group>";
		};
		34630DA82642419000EDDFC0 /* Preview Content */ = {
			isa = PBXGroup;
			children = (
				34630DA92642419000EDDFC0 /* Preview Assets.xcassets */,
			);
			path = "Preview Content";
			sourceTree = "<group>";
		};
		34630DB32642419000EDDFC0 /* WorkoutsTests */ = {
			isa = PBXGroup;
			children = (
				34630DB42642419000EDDFC0 /* WorkoutsTests.swift */,
				34630DB62642419000EDDFC0 /* Info.plist */,
			);
			path = WorkoutsTests;
			sourceTree = "<group>";
		};
		34630DBE2642419000EDDFC0 /* WorkoutsUITests */ = {
			isa = PBXGroup;
			children = (
				34630DBF2642419000EDDFC0 /* WorkoutsUITests.swift */,
				34630DC12642419000EDDFC0 /* Info.plist */,
			);
			path = WorkoutsUITests;
			sourceTree = "<group>";
		};
/* End PBXGroup section */

/* Begin PBXNativeTarget section */
		34630D9E2642418D00EDDFC0 /* Workouts */ = {
			isa = PBXNativeTarget;
			buildConfigurationList = 34630DC42642419000EDDFC0 /* Build configuration list for PBXNativeTarget "Workouts" */;
			buildPhases = (
				34630D9B2642418D00EDDFC0 /* Sources */,
				34630D9C2642418D00EDDFC0 /* Frameworks */,
				34630D9D2642418D00EDDFC0 /* Resources */,
			);
			buildRules = (
			);
			dependencies = (
			);
			name = Workouts;
			productName = Workouts;
			productReference = 34630D9F2642418D00EDDFC0 /* Workouts.app */;
			productType = "com.apple.product-type.application";
		};
		34630DAF2642419000EDDFC0 /* WorkoutsTests */ = {
			isa = PBXNativeTarget;
			buildConfigurationList = 34630DC72642419000EDDFC0 /* Build configuration list for PBXNativeTarget "WorkoutsTests" */;
			buildPhases = (
				34630DAC2642419000EDDFC0 /* Sources */,
				34630DAD2642419000EDDFC0 /* Frameworks */,
				34630DAE2642419000EDDFC0 /* Resources */,
			);
			buildRules = (
			);
			dependencies = (
				34630DB22642419000EDDFC0 /* PBXTargetDependency */,
			);
			name = WorkoutsTests;
			productName = WorkoutsTests;
			productReference = 34630DB02642419000EDDFC0 /* WorkoutsTests.xctest */;
			productType = "com.apple.product-type.bundle.unit-test";
		};
		34630DBA2642419000EDDFC0 /* WorkoutsUITests */ = {
			isa = PBXNativeTarget;
			buildConfigurationList = 34630DCA2642419000EDDFC0 /* Build configuration list for PBXNativeTarget "WorkoutsUITests" */;
			buildPhases = (
				34630DB72642419000EDDFC0 /* Sources */,
				34630DB82642419000EDDFC0 /* Frameworks */,
				34630DB92642419000EDDFC0 /* Resources */,
			);
			buildRules = (
			);
			dependencies = (
				34630DBD2642419000EDDFC0 /* PBXTargetDependency */,
			);
			name = WorkoutsUITests;
			productName = WorkoutsUITests;
			productReference = 34630DBB2642419000EDDFC0 /* WorkoutsUITests.xctest */;
			productType = "com.apple.product-type.bundle.ui-testing";
		};
/* End PBXNativeTarget section */

/* Begin PBXProject section */
		34630D972642418D00EDDFC0 /* Project object */ = {
			isa = PBXProject;
			attributes = {
				LastSwiftUpdateCheck = 1250;
				LastUpgradeCheck = 1250;
				TargetAttributes = {
					34630D9E2642418D00EDDFC0 = {
						CreatedOnToolsVersion = 12.5;
					};
					34630DAF2642419000EDDFC0 = {
						CreatedOnToolsVersion = 12.5;
						TestTargetID = 34630D9E2642418D00EDDFC0;
					};
					34630DBA2642419000EDDFC0 = {
						CreatedOnToolsVersion = 12.5;
						TestTargetID = 34630D9E2642418D00EDDFC0;
					};
				};
			};
			buildConfigurationList = 34630D9A2642418D00EDDFC0 /* Build configuration list for PBXProject "Workouts" */;
			compatibilityVersion = "Xcode 9.3";
			developmentRegion = en;
			hasScannedForEncodings = 0;
			knownRegions = (
				en,
				Base,
			);
			mainGroup = 34630D962642418D00EDDFC0;
			productRefGroup = 34630DA02642418D00EDDFC0 /* Products */;
			projectDirPath = "";
			projectRoot = "";
			targets = (
				34630D9E2642418D00EDDFC0 /* Workouts */,
				34630DAF2642419000EDDFC0 /* WorkoutsTests */,
				34630DBA2642419000EDDFC0 /* WorkoutsUITests */,
			);
		};
/* End PBXProject section */

/* Begin PBXResourcesBuildPhase section */
		34630D9D2642418D00EDDFC0 /* Resources */ = {
			isa = PBXResourcesBuildPhase;
			buildActionMask = 2147483647;
			files = (
				34630DAA2642419000EDDFC0 /* Preview Assets.xcassets in Resources */,
				34630DA72642419000EDDFC0 /* Assets.xcassets in Resources */,
			);
			runOnlyForDeploymentPostprocessing = 0;
		};
		34630DAE2642419000EDDFC0 /* Resources */ = {
			isa = PBXResourcesBuildPhase;
			buildActionMask = 2147483647;
			files = (
			);
			runOnlyForDeploymentPostprocessing = 0;
		};
		34630DB92642419000EDDFC0 /* Resources */ = {
			isa = PBXResourcesBuildPhase;
			buildActionMask = 2147483647;
			files = (
			);
			runOnlyForDeploymentPostprocessing = 0;
		};
/* End PBXResourcesBuildPhase section */

/* Begin PBXSourcesBuildPhase section */
		34630D9B2642418D00EDDFC0 /* Sources */ = {
			isa = PBXSourcesBuildPhase;
			buildActionMask = 2147483647;
			files = (
				34630DCE264241EA00EDDFC0 /* HomeView.swift in Sources */,
				34630DA52642418D00EDDFC0 /* ContentView.swift in Sources */,
				34630DD02642585B00EDDFC0 /* Sport.swift in Sources */,
				34630DA32642418D00EDDFC0 /* WorkoutsApp.swift in Sources */,
			);
			runOnlyForDeploymentPostprocessing = 0;
		};
		34630DAC2642419000EDDFC0 /* Sources */ = {
			isa = PBXSourcesBuildPhase;
			buildActionMask = 2147483647;
			files = (
				34630DB52642419000EDDFC0 /* WorkoutsTests.swift in Sources */,
			);
			runOnlyForDeploymentPostprocessing = 0;
		};
		34630DB72642419000EDDFC0 /* Sources */ = {
			isa = PBXSourcesBuildPhase;
			buildActionMask = 2147483647;
			files = (
				34630DC02642419000EDDFC0 /* WorkoutsUITests.swift in Sources */,
			);
			runOnlyForDeploymentPostprocessing = 0;
		};
/* End PBXSourcesBuildPhase section */

/* Begin PBXTargetDependency section */
		34630DB22642419000EDDFC0 /* PBXTargetDependency */ = {
			isa = PBXTargetDependency;
			target = 34630D9E2642418D00EDDFC0 /* Workouts */;
			targetProxy = 34630DB12642419000EDDFC0 /* PBXContainerItemProxy */;
		};
		34630DBD2642419000EDDFC0 /* PBXTargetDependency */ = {
			isa = PBXTargetDependency;
			target = 34630D9E2642418D00EDDFC0 /* Workouts */;
			targetProxy = 34630DBC2642419000EDDFC0 /* PBXContainerItemProxy */;
		};
/* End PBXTargetDependency section */

/* Begin XCBuildConfiguration section */
		34630DC22642419000EDDFC0 /* Debug */ = {
			isa = XCBuildConfiguration;
			buildSettings = {
				ALWAYS_SEARCH_USER_PATHS = NO;
				CLANG_ANALYZER_NONNULL = YES;
				CLANG_ANALYZER_NUMBER_OBJECT_CONVERSION = YES_AGGRESSIVE;
				CLANG_CXX_LANGUAGE_STANDARD = "gnu++14";
				CLANG_CXX_LIBRARY = "libc++";
				CLANG_ENABLE_MODULES = YES;
				CLANG_ENABLE_OBJC_ARC = YES;
				CLANG_ENABLE_OBJC_WEAK = YES;
				CLANG_WARN_BLOCK_CAPTURE_AUTORELEASING = YES;
				CLANG_WARN_BOOL_CONVERSION = YES;
				CLANG_WARN_COMMA = YES;
				CLANG_WARN_CONSTANT_CONVERSION = YES;
				CLANG_WARN_DEPRECATED_OBJC_IMPLEMENTATIONS = YES;
				CLANG_WARN_DIRECT_OBJC_ISA_USAGE = YES_ERROR;
				CLANG_WARN_DOCUMENTATION_COMMENTS = YES;
				CLANG_WARN_EMPTY_BODY = YES;
				CLANG_WARN_ENUM_CONVERSION = YES;
				CLANG_WARN_INFINITE_RECURSION = YES;
				CLANG_WARN_INT_CONVERSION = YES;
				CLANG_WARN_NON_LITERAL_NULL_CONVERSION = YES;
				CLANG_WARN_OBJC_IMPLICIT_RETAIN_SELF = YES;
				CLANG_WARN_OBJC_LITERAL_CONVERSION = YES;
				CLANG_WARN_OBJC_ROOT_CLASS = YES_ERROR;
				CLANG_WARN_QUOTED_INCLUDE_IN_FRAMEWORK_HEADER = YES;
				CLANG_WARN_RANGE_LOOP_ANALYSIS = YES;
				CLANG_WARN_STRICT_PROTOTYPES = YES;
				CLANG_WARN_SUSPICIOUS_MOVE = YES;
				CLANG_WARN_UNGUARDED_AVAILABILITY = YES_AGGRESSIVE;
				CLANG_WARN_UNREACHABLE_CODE = YES;
				CLANG_WARN__DUPLICATE_METHOD_MATCH = YES;
				COPY_PHASE_STRIP = NO;
				DEBUG_INFORMATION_FORMAT = dwarf;
				ENABLE_STRICT_OBJC_MSGSEND = YES;
				ENABLE_TESTABILITY = YES;
				GCC_C_LANGUAGE_STANDARD = gnu11;
				GCC_DYNAMIC_NO_PIC = NO;
				GCC_NO_COMMON_BLOCKS = YES;
				GCC_OPTIMIZATION_LEVEL = 0;
				GCC_PREPROCESSOR_DEFINITIONS = (
					"DEBUG=1",
					"$(inherited)",
				);
				GCC_WARN_64_TO_32_BIT_CONVERSION = YES;
				GCC_WARN_ABOUT_RETURN_TYPE = YES_ERROR;
				GCC_WARN_UNDECLARED_SELECTOR = YES;
				GCC_WARN_UNINITIALIZED_AUTOS = YES_AGGRESSIVE;
				GCC_WARN_UNUSED_FUNCTION = YES;
				GCC_WARN_UNUSED_VARIABLE = YES;
				IPHONEOS_DEPLOYMENT_TARGET = 14.5;
				MTL_ENABLE_DEBUG_INFO = INCLUDE_SOURCE;
				MTL_FAST_MATH = YES;
				ONLY_ACTIVE_ARCH = YES;
				SDKROOT = iphoneos;
				SWIFT_ACTIVE_COMPILATION_CONDITIONS = DEBUG;
				SWIFT_OPTIMIZATION_LEVEL = "-Onone";
			};
			name = Debug;
		};
		34630DC32642419000EDDFC0 /* Release */ = {
			isa = XCBuildConfiguration;
			buildSettings = {
				ALWAYS_SEARCH_USER_PATHS = NO;
				CLANG_ANALYZER_NONNULL = YES;
				CLANG_ANALYZER_NUMBER_OBJECT_CONVERSION = YES_AGGRESSIVE;
				CLANG_CXX_LANGUAGE_STANDARD = "gnu++14";
				CLANG_CXX_LIBRARY = "libc++";
				CLANG_ENABLE_MODULES = YES;
				CLANG_ENABLE_OBJC_ARC = YES;
				CLANG_ENABLE_OBJC_WEAK = YES;
				CLANG_WARN_BLOCK_CAPTURE_AUTORELEASING = YES;
				CLANG_WARN_BOOL_CONVERSION = YES;
				CLANG_WARN_COMMA = YES;
				CLANG_WARN_CONSTANT_CONVERSION = YES;
				CLANG_WARN_DEPRECATED_OBJC_IMPLEMENTATIONS = YES;
				CLANG_WARN_DIRECT_OBJC_ISA_USAGE = YES_ERROR;
				CLANG_WARN_DOCUMENTATION_COMMENTS = YES;
				CLANG_WARN_EMPTY_BODY = YES;
				CLANG_WARN_ENUM_CONVERSION = YES;
				CLANG_WARN_INFINITE_RECURSION = YES;
				CLANG_WARN_INT_CONVERSION = YES;
				CLANG_WARN_NON_LITERAL_NULL_CONVERSION = YES;
				CLANG_WARN_OBJC_IMPLICIT_RETAIN_SELF = YES;
				CLANG_WARN_OBJC_LITERAL_CONVERSION = YES;
				CLANG_WARN_OBJC_ROOT_CLASS = YES_ERROR;
				CLANG_WARN_QUOTED_INCLUDE_IN_FRAMEWORK_HEADER = YES;
				CLANG_WARN_RANGE_LOOP_ANALYSIS = YES;
				CLANG_WARN_STRICT_PROTOTYPES = YES;
				CLANG_WARN_SUSPICIOUS_MOVE = YES;
				CLANG_WARN_UNGUARDED_AVAILABILITY = YES_AGGRESSIVE;
				CLANG_WARN_UNREACHABLE_CODE = YES;
				CLANG_WARN__DUPLICATE_METHOD_MATCH = YES;
				COPY_PHASE_STRIP = NO;
				DEBUG_INFORMATION_FORMAT = "dwarf-with-dsym";
				ENABLE_NS_ASSERTIONS = NO;
				ENABLE_STRICT_OBJC_MSGSEND = YES;
				GCC_C_LANGUAGE_STANDARD = gnu11;
				GCC_NO_COMMON_BLOCKS = YES;
				GCC_WARN_64_TO_32_BIT_CONVERSION = YES;
				GCC_WARN_ABOUT_RETURN_TYPE = YES_ERROR;
				GCC_WARN_UNDECLARED_SELECTOR = YES;
				GCC_WARN_UNINITIALIZED_AUTOS = YES_AGGRESSIVE;
				GCC_WARN_UNUSED_FUNCTION = YES;
				GCC_WARN_UNUSED_VARIABLE = YES;
				IPHONEOS_DEPLOYMENT_TARGET = 14.5;
				MTL_ENABLE_DEBUG_INFO = NO;
				MTL_FAST_MATH = YES;
				SDKROOT = iphoneos;
				SWIFT_COMPILATION_MODE = wholemodule;
				SWIFT_OPTIMIZATION_LEVEL = "-O";
				VALIDATE_PRODUCT = YES;
			};
			name = Release;
		};
		34630DC52642419000EDDFC0 /* Debug */ = {
			isa = XCBuildConfiguration;
			buildSettings = {
				ASSETCATALOG_COMPILER_APPICON_NAME = AppIcon;
				ASSETCATALOG_COMPILER_GLOBAL_ACCENT_COLOR_NAME = AccentColor;
				CODE_SIGN_STYLE = Automatic;
				DEVELOPMENT_ASSET_PATHS = "\"Workouts/Preview Content\"";
				DEVELOPMENT_TEAM = D2Q8VQ7WJZ;
				ENABLE_PREVIEWS = YES;
				INFOPLIST_FILE = Workouts/Info.plist;
				IPHONEOS_DEPLOYMENT_TARGET = 14.0;
				LD_RUNPATH_SEARCH_PATHS = (
					"$(inherited)",
					"@executable_path/Frameworks",
				);
				PRODUCT_BUNDLE_IDENTIFIER = HuyThanDuc.Workouts;
				PRODUCT_NAME = "$(TARGET_NAME)";
				SWIFT_VERSION = 5.0;
				TARGETED_DEVICE_FAMILY = "1,2";
			};
			name = Debug;
		};
		34630DC62642419000EDDFC0 /* Release */ = {
			isa = XCBuildConfiguration;
			buildSettings = {
				ASSETCATALOG_COMPILER_APPICON_NAME = AppIcon;
				ASSETCATALOG_COMPILER_GLOBAL_ACCENT_COLOR_NAME = AccentColor;
				CODE_SIGN_STYLE = Automatic;
				DEVELOPMENT_ASSET_PATHS = "\"Workouts/Preview Content\"";
				DEVELOPMENT_TEAM = D2Q8VQ7WJZ;
				ENABLE_PREVIEWS = YES;
				INFOPLIST_FILE = Workouts/Info.plist;
				IPHONEOS_DEPLOYMENT_TARGET = 14.0;
				LD_RUNPATH_SEARCH_PATHS = (
					"$(inherited)",
					"@executable_path/Frameworks",
				);
				PRODUCT_BUNDLE_IDENTIFIER = HuyThanDuc.Workouts;
				PRODUCT_NAME = "$(TARGET_NAME)";
				SWIFT_VERSION = 5.0;
				TARGETED_DEVICE_FAMILY = "1,2";
			};
			name = Release;
		};
		34630DC82642419000EDDFC0 /* Debug */ = {
			isa = XCBuildConfiguration;
			buildSettings = {
				ALWAYS_EMBED_SWIFT_STANDARD_LIBRARIES = YES;
				BUNDLE_LOADER = "$(TEST_HOST)";
				CODE_SIGN_STYLE = Automatic;
				DEVELOPMENT_TEAM = D2Q8VQ7WJZ;
				INFOPLIST_FILE = WorkoutsTests/Info.plist;
				IPHONEOS_DEPLOYMENT_TARGET = 14.0;
				LD_RUNPATH_SEARCH_PATHS = (
					"$(inherited)",
					"@executable_path/Frameworks",
					"@loader_path/Frameworks",
				);
				PRODUCT_BUNDLE_IDENTIFIER = HuyThanDuc.WorkoutsTests;
				PRODUCT_NAME = "$(TARGET_NAME)";
				SWIFT_VERSION = 5.0;
				TARGETED_DEVICE_FAMILY = "1,2";
				TEST_HOST = "$(BUILT_PRODUCTS_DIR)/Workouts.app/Workouts";
			};
			name = Debug;
		};
		34630DC92642419000EDDFC0 /* Release */ = {
			isa = XCBuildConfiguration;
			buildSettings = {
				ALWAYS_EMBED_SWIFT_STANDARD_LIBRARIES = YES;
				BUNDLE_LOADER = "$(TEST_HOST)";
				CODE_SIGN_STYLE = Automatic;
				DEVELOPMENT_TEAM = D2Q8VQ7WJZ;
				INFOPLIST_FILE = WorkoutsTests/Info.plist;
				IPHONEOS_DEPLOYMENT_TARGET = 14.0;
				LD_RUNPATH_SEARCH_PATHS = (
					"$(inherited)",
					"@executable_path/Frameworks",
					"@loader_path/Frameworks",
				);
				PRODUCT_BUNDLE_IDENTIFIER = HuyThanDuc.WorkoutsTests;
				PRODUCT_NAME = "$(TARGET_NAME)";
				SWIFT_VERSION = 5.0;
				TARGETED_DEVICE_FAMILY = "1,2";
				TEST_HOST = "$(BUILT_PRODUCTS_DIR)/Workouts.app/Workouts";
			};
			name = Release;
		};
		34630DCB2642419000EDDFC0 /* Debug */ = {
			isa = XCBuildConfiguration;
			buildSettings = {
				ALWAYS_EMBED_SWIFT_STANDARD_LIBRARIES = YES;
				CODE_SIGN_STYLE = Automatic;
				DEVELOPMENT_TEAM = D2Q8VQ7WJZ;
				INFOPLIST_FILE = WorkoutsUITests/Info.plist;
				LD_RUNPATH_SEARCH_PATHS = (
					"$(inherited)",
					"@executable_path/Frameworks",
					"@loader_path/Frameworks",
				);
				PRODUCT_BUNDLE_IDENTIFIER = HuyThanDuc.WorkoutsUITests;
				PRODUCT_NAME = "$(TARGET_NAME)";
				SWIFT_VERSION = 5.0;
				TARGETED_DEVICE_FAMILY = "1,2";
				TEST_TARGET_NAME = Workouts;
			};
			name = Debug;
		};
		34630DCC2642419000EDDFC0 /* Release */ = {
			isa = XCBuildConfiguration;
			buildSettings = {
				ALWAYS_EMBED_SWIFT_STANDARD_LIBRARIES = YES;
				CODE_SIGN_STYLE = Automatic;
				DEVELOPMENT_TEAM = D2Q8VQ7WJZ;
				INFOPLIST_FILE = WorkoutsUITests/Info.plist;
				LD_RUNPATH_SEARCH_PATHS = (
					"$(inherited)",
					"@executable_path/Frameworks",
					"@loader_path/Frameworks",
				);
				PRODUCT_BUNDLE_IDENTIFIER = HuyThanDuc.WorkoutsUITests;
				PRODUCT_NAME = "$(TARGET_NAME)";
				SWIFT_VERSION = 5.0;
				TARGETED_DEVICE_FAMILY = "1,2";
				TEST_TARGET_NAME = Workouts;
			};
			name = Release;
		};
/* End XCBuildConfiguration section */

/* Begin XCConfigurationList section */
		34630D9A2642418D00EDDFC0 /* Build configuration list for PBXProject "Workouts" */ = {
			isa = XCConfigurationList;
			buildConfigurations = (
				34630DC22642419000EDDFC0 /* Debug */,
				34630DC32642419000EDDFC0 /* Release */,
			);
			defaultConfigurationIsVisible = 0;
			defaultConfigurationName = Release;
		};
		34630DC42642419000EDDFC0 /* Build configuration list for PBXNativeTarget "Workouts" */ = {
			isa = XCConfigurationList;
			buildConfigurations = (
				34630DC52642419000EDDFC0 /* Debug */,
				34630DC62642419000EDDFC0 /* Release */,
			);
			defaultConfigurationIsVisible = 0;
			defaultConfigurationName = Release;
		};
		34630DC72642419000EDDFC0 /* Build configuration list for PBXNativeTarget "WorkoutsTests" */ = {
			isa = XCConfigurationList;
			buildConfigurations = (
				34630DC82642419000EDDFC0 /* Debug */,
				34630DC92642419000EDDFC0 /* Release */,
			);
			defaultConfigurationIsVisible = 0;
			defaultConfigurationName = Release;
		};
		34630DCA2642419000EDDFC0 /* Build configuration list for PBXNativeTarget "WorkoutsUITests" */ = {
			isa = XCConfigurationList;
			buildConfigurations = (
				34630DCB2642419000EDDFC0 /* Debug */,
				34630DCC2642419000EDDFC0 /* Release */,
			);
			defaultConfigurationIsVisible = 0;
			defaultConfigurationName = Release;
		};
/* End XCConfigurationList section */
	};
	rootObject = 34630D972642418D00EDDFC0 /* Project object */;
}
